
Microsoft Visual Studio Solution File, Format Version 12.00
Project("{FAE04EC0-301F-11D3-BF4B-00C04F79EFBC}") = "NeverUnit", "..\src\NeverUnit\NeverUnit\NeverUnit.csproj", "{34517A7D-2953-465D-B283-AFCE1600C2EB}"
EndProject
Project("{2150E333-8FDC-42A3-9474-1A3956D46DE8}") = "src", "src", "{0C3C1C00-6F68-4676-9C1F-22E8E5AC0A34}"
EndProject
Project("{2150E333-8FDC-42A3-9474-1A3956D46DE8}") = "tests", "tests", "{227215F4-A638-4671-8579-E35F6AF2B6AD}"
EndProject
Project("{FAE04EC0-301F-11D3-BF4B-00C04F79EFBC}") = "NeverUnit.Tests", "tests\NeverUnit.Tests\NeverUnit.Tests.csproj", "{D13C412C-210E-466B-8332-81FEC7DA866B}"
EndProject
Global
	GlobalSection(SolutionConfigurationPlatforms) = preSolution
		Debug|Any CPU = Debug|Any CPU
		Release|Any CPU = Release|Any CPU
	EndGlobalSection
	GlobalSection(ProjectConfigurationPlatforms) = postSolution
		{34517A7D-2953-465D-B283-AFCE1600C2EB}.Debug|Any CPU.ActiveCfg = Debug|Any CPU
		{34517A7D-2953-465D-B283-AFCE1600C2EB}.Debug|Any CPU.Build.0 = Debug|Any CPU
		{34517A7D-2953-465D-B283-AFCE1600C2EB}.Release|Any CPU.ActiveCfg = Release|Any CPU
		{34517A7D-2953-465D-B283-AFCE1600C2EB}.Release|Any CPU.Build.0 = Release|Any CPU
		{D13C412C-210E-466B-8332-81FEC7DA866B}.Debug|Any CPU.ActiveCfg = Debug|Any CPU
		{D13C412C-210E-466B-8332-81FEC7DA866B}.Debug|Any CPU.Build.0 = Debug|Any CPU
		{D13C412C-210E-466B-8332-81FEC7DA866B}.Release|Any CPU.ActiveCfg = Release|Any CPU
		{D13C412C-210E-466B-8332-81FEC7DA866B}.Release|Any CPU.Build.0 = Release|Any CPU
	EndGlobalSection
	GlobalSection(NestedProjects) = preSolution
		{34517A7D-2953-465D-B283-AFCE1600C2EB} = {0C3C1C00-6F68-4676-9C1F-22E8E5AC0A34}
		{D13C412C-210E-466B-8332-81FEC7DA866B} = {227215F4-A638-4671-8579-E35F6AF2B6AD}
	EndGlobalSection
EndGlobal
