
Microsoft Visual Studio Solution File, Format Version 12.00
Project("{2150E333-8FDC-42A3-9474-1A3956D46DE8}") = "src", "src", "{0C3C1C00-6F68-4676-9C1F-22E8E5AC0A34}"
EndProject
Project("{2150E333-8FDC-42A3-9474-1A3956D46DE8}") = "tests", "tests", "{227215F4-A638-4671-8579-E35F6AF2B6AD}"
EndProject
Project("{FAE04EC0-301F-11D3-BF4B-00C04F79EFBC}") = "NeverTest.Tests", "tests\NeverTest.Tests\NeverTest.Tests.csproj", "{D13C412C-210E-466B-8332-81FEC7DA866B}"
EndProject
Project("{FAE04EC0-301F-11D3-BF4B-00C04F79EFBC}") = "Engine", "src\Engine\Engine.csproj", "{C6F9989C-3D61-47D7-BEAA-B60EA76DC0C7}"
EndProject
Project("{FAE04EC0-301F-11D3-BF4B-00C04F79EFBC}") = "MSTest", "src\MSTest\MSTest.csproj", "{2B496D90-BF29-4EE2-9770-CA467EBB1154}"
EndProject
Project("{FAE04EC0-301F-11D3-BF4B-00C04F79EFBC}") = "StandardScenarios.Yaml", "src\StandardScenarios.Yaml\StandardScenarios.Yaml.csproj", "{7D437B7B-B58F-41B6-AFC7-E6BF355805AB}"
EndProject
Project("{2150E333-8FDC-42A3-9474-1A3956D46DE8}") = "~", "~", "{253D2820-EADF-4860-A27C-C000B1E9BEEE}"
	ProjectSection(SolutionItems) = preProject
		README.md = README.md
		Directory.Build.props = Directory.Build.props
	EndProjectSection
EndProject
Project("{FAE04EC0-301F-11D3-BF4B-00C04F79EFBC}") = "NeverTests.AspireApp.AppHost", "tests\NeverTest.AspireApp\NeverTests.AspireApp\NeverTests.AspireApp.AppHost\NeverTests.AspireApp.AppHost.csproj", "{F83EF4E7-5504-48D7-83E2-644BB14102DD}"
EndProject
Project("{FAE04EC0-301F-11D3-BF4B-00C04F79EFBC}") = "NeverTests.AspireApp.ServiceDefaults", "tests\NeverTest.AspireApp\NeverTests.AspireApp\NeverTests.AspireApp.ServiceDefaults\NeverTests.AspireApp.ServiceDefaults.csproj", "{2384CBB1-18CA-451B-97B6-1F122B99FF1A}"
EndProject
Project("{FAE04EC0-301F-11D3-BF4B-00C04F79EFBC}") = "NeverTests.AspireApp.ApiService", "tests\NeverTest.AspireApp\NeverTests.AspireApp\NeverTests.AspireApp.ApiService\NeverTests.AspireApp.ApiService.csproj", "{86894D2F-E4C2-4E03-BE37-1BA5CEEDE416}"
EndProject
Project("{FAE04EC0-301F-11D3-BF4B-00C04F79EFBC}") = "NeverTests.AspireApp.Web", "tests\NeverTest.AspireApp\NeverTests.AspireApp\NeverTests.AspireApp.Web\NeverTests.AspireApp.Web.csproj", "{10F93869-5145-4B61-B199-81EADF31FFFC}"
EndProject
Project("{FAE04EC0-301F-11D3-BF4B-00C04F79EFBC}") = "NeverTest.AspireApp.Tests", "tests\NeverTest.AspireApp\NeverTests.AspireApp\NeverTest.AspireApp.Tests\NeverTest.AspireApp.Tests.csproj", "{548EC818-5A33-45EA-A7F2-ED3D573AE190}"
EndProject
Project("{2150E333-8FDC-42A3-9474-1A3956D46DE8}") = "AspireApp", "AspireApp", "{8DB48D54-BEF3-419D-B47F-1A043BCFAC3A}"
EndProject
Project("{2150E333-8FDC-42A3-9474-1A3956D46DE8}") = "Aspire", "Aspire", "{C648B395-BB27-4234-8A36-D14F1F34A16E}"
EndProject
Project("{FAE04EC0-301F-11D3-BF4B-00C04F79EFBC}") = "Aspire", "src\Aspire\Aspire\Aspire.csproj", "{61FB1DBE-68E4-4DCF-A8EC-72CD50D691E9}"
EndProject
Project("{FAE04EC0-301F-11D3-BF4B-00C04F79EFBC}") = "Aspire.MSTest", "src\Aspire\Aspire.MSTest\Aspire.MSTest.csproj", "{E4B34B7F-5C31-4082-B7A3-7559A01919E5}"
EndProject
Global
	GlobalSection(SolutionConfigurationPlatforms) = preSolution
		Debug|Any CPU = Debug|Any CPU
		Release|Any CPU = Release|Any CPU
	EndGlobalSection
	GlobalSection(ProjectConfigurationPlatforms) = postSolution
		{D13C412C-210E-466B-8332-81FEC7DA866B}.Debug|Any CPU.ActiveCfg = Debug|Any CPU
		{D13C412C-210E-466B-8332-81FEC7DA866B}.Debug|Any CPU.Build.0 = Debug|Any CPU
		{D13C412C-210E-466B-8332-81FEC7DA866B}.Release|Any CPU.ActiveCfg = Release|Any CPU
		{D13C412C-210E-466B-8332-81FEC7DA866B}.Release|Any CPU.Build.0 = Release|Any CPU
		{C6F9989C-3D61-47D7-BEAA-B60EA76DC0C7}.Debug|Any CPU.ActiveCfg = Debug|Any CPU
		{C6F9989C-3D61-47D7-BEAA-B60EA76DC0C7}.Debug|Any CPU.Build.0 = Debug|Any CPU
		{C6F9989C-3D61-47D7-BEAA-B60EA76DC0C7}.Release|Any CPU.ActiveCfg = Release|Any CPU
		{C6F9989C-3D61-47D7-BEAA-B60EA76DC0C7}.Release|Any CPU.Build.0 = Release|Any CPU
		{2B496D90-BF29-4EE2-9770-CA467EBB1154}.Debug|Any CPU.ActiveCfg = Debug|Any CPU
		{2B496D90-BF29-4EE2-9770-CA467EBB1154}.Debug|Any CPU.Build.0 = Debug|Any CPU
		{2B496D90-BF29-4EE2-9770-CA467EBB1154}.Release|Any CPU.ActiveCfg = Release|Any CPU
		{2B496D90-BF29-4EE2-9770-CA467EBB1154}.Release|Any CPU.Build.0 = Release|Any CPU
		{7D437B7B-B58F-41B6-AFC7-E6BF355805AB}.Debug|Any CPU.ActiveCfg = Debug|Any CPU
		{7D437B7B-B58F-41B6-AFC7-E6BF355805AB}.Debug|Any CPU.Build.0 = Debug|Any CPU
		{7D437B7B-B58F-41B6-AFC7-E6BF355805AB}.Release|Any CPU.ActiveCfg = Release|Any CPU
		{7D437B7B-B58F-41B6-AFC7-E6BF355805AB}.Release|Any CPU.Build.0 = Release|Any CPU
		{F83EF4E7-5504-48D7-83E2-644BB14102DD}.Debug|Any CPU.ActiveCfg = Debug|Any CPU
		{F83EF4E7-5504-48D7-83E2-644BB14102DD}.Debug|Any CPU.Build.0 = Debug|Any CPU
		{F83EF4E7-5504-48D7-83E2-644BB14102DD}.Release|Any CPU.ActiveCfg = Release|Any CPU
		{F83EF4E7-5504-48D7-83E2-644BB14102DD}.Release|Any CPU.Build.0 = Release|Any CPU
		{2384CBB1-18CA-451B-97B6-1F122B99FF1A}.Debug|Any CPU.ActiveCfg = Debug|Any CPU
		{2384CBB1-18CA-451B-97B6-1F122B99FF1A}.Debug|Any CPU.Build.0 = Debug|Any CPU
		{2384CBB1-18CA-451B-97B6-1F122B99FF1A}.Release|Any CPU.ActiveCfg = Release|Any CPU
		{2384CBB1-18CA-451B-97B6-1F122B99FF1A}.Release|Any CPU.Build.0 = Release|Any CPU
		{86894D2F-E4C2-4E03-BE37-1BA5CEEDE416}.Debug|Any CPU.ActiveCfg = Debug|Any CPU
		{86894D2F-E4C2-4E03-BE37-1BA5CEEDE416}.Debug|Any CPU.Build.0 = Debug|Any CPU
		{86894D2F-E4C2-4E03-BE37-1BA5CEEDE416}.Release|Any CPU.ActiveCfg = Release|Any CPU
		{86894D2F-E4C2-4E03-BE37-1BA5CEEDE416}.Release|Any CPU.Build.0 = Release|Any CPU
		{10F93869-5145-4B61-B199-81EADF31FFFC}.Debug|Any CPU.ActiveCfg = Debug|Any CPU
		{10F93869-5145-4B61-B199-81EADF31FFFC}.Debug|Any CPU.Build.0 = Debug|Any CPU
		{10F93869-5145-4B61-B199-81EADF31FFFC}.Release|Any CPU.ActiveCfg = Release|Any CPU
		{10F93869-5145-4B61-B199-81EADF31FFFC}.Release|Any CPU.Build.0 = Release|Any CPU
		{548EC818-5A33-45EA-A7F2-ED3D573AE190}.Debug|Any CPU.ActiveCfg = Debug|Any CPU
		{548EC818-5A33-45EA-A7F2-ED3D573AE190}.Debug|Any CPU.Build.0 = Debug|Any CPU
		{548EC818-5A33-45EA-A7F2-ED3D573AE190}.Release|Any CPU.ActiveCfg = Release|Any CPU
		{548EC818-5A33-45EA-A7F2-ED3D573AE190}.Release|Any CPU.Build.0 = Release|Any CPU
		{61FB1DBE-68E4-4DCF-A8EC-72CD50D691E9}.Debug|Any CPU.ActiveCfg = Debug|Any CPU
		{61FB1DBE-68E4-4DCF-A8EC-72CD50D691E9}.Debug|Any CPU.Build.0 = Debug|Any CPU
		{61FB1DBE-68E4-4DCF-A8EC-72CD50D691E9}.Release|Any CPU.ActiveCfg = Release|Any CPU
		{61FB1DBE-68E4-4DCF-A8EC-72CD50D691E9}.Release|Any CPU.Build.0 = Release|Any CPU
		{E4B34B7F-5C31-4082-B7A3-7559A01919E5}.Debug|Any CPU.ActiveCfg = Debug|Any CPU
		{E4B34B7F-5C31-4082-B7A3-7559A01919E5}.Debug|Any CPU.Build.0 = Debug|Any CPU
		{E4B34B7F-5C31-4082-B7A3-7559A01919E5}.Release|Any CPU.ActiveCfg = Release|Any CPU
		{E4B34B7F-5C31-4082-B7A3-7559A01919E5}.Release|Any CPU.Build.0 = Release|Any CPU
	EndGlobalSection
	GlobalSection(NestedProjects) = preSolution
		{D13C412C-210E-466B-8332-81FEC7DA866B} = {227215F4-A638-4671-8579-E35F6AF2B6AD}
		{C6F9989C-3D61-47D7-BEAA-B60EA76DC0C7} = {0C3C1C00-6F68-4676-9C1F-22E8E5AC0A34}
		{2B496D90-BF29-4EE2-9770-CA467EBB1154} = {0C3C1C00-6F68-4676-9C1F-22E8E5AC0A34}
		{7D437B7B-B58F-41B6-AFC7-E6BF355805AB} = {0C3C1C00-6F68-4676-9C1F-22E8E5AC0A34}
		{548EC818-5A33-45EA-A7F2-ED3D573AE190} = {227215F4-A638-4671-8579-E35F6AF2B6AD}
		{8DB48D54-BEF3-419D-B47F-1A043BCFAC3A} = {227215F4-A638-4671-8579-E35F6AF2B6AD}
		{86894D2F-E4C2-4E03-BE37-1BA5CEEDE416} = {8DB48D54-BEF3-419D-B47F-1A043BCFAC3A}
		{F83EF4E7-5504-48D7-83E2-644BB14102DD} = {8DB48D54-BEF3-419D-B47F-1A043BCFAC3A}
		{2384CBB1-18CA-451B-97B6-1F122B99FF1A} = {8DB48D54-BEF3-419D-B47F-1A043BCFAC3A}
		{10F93869-5145-4B61-B199-81EADF31FFFC} = {8DB48D54-BEF3-419D-B47F-1A043BCFAC3A}
		{C648B395-BB27-4234-8A36-D14F1F34A16E} = {0C3C1C00-6F68-4676-9C1F-22E8E5AC0A34}
		{61FB1DBE-68E4-4DCF-A8EC-72CD50D691E9} = {C648B395-BB27-4234-8A36-D14F1F34A16E}
		{E4B34B7F-5C31-4082-B7A3-7559A01919E5} = {C648B395-BB27-4234-8A36-D14F1F34A16E}
	EndGlobalSection
EndGlobal
